
Microsoft Visual Studio Solution File, Format Version 12.00
# Visual Studio Version 16
VisualStudioVersion = 16.0.31402.337
MinimumVisualStudioVersion = 10.0.40219.1
Project("{9A19103F-16F7-4668-BE54-9A1E7A4F7556}") = "Avanade.SubTCSE.Projeto.API", "Avanade.SubTCSE.Projeto.API\Avanade.SubTCSE.Projeto.API.csproj", "{C8E89FBD-A357-4A40-8DC5-9EDCF9447027}"
EndProject
Project("{2150E333-8FDC-42A3-9474-1A3956D46DE8}") = "0-AppService", "0-AppService", "{5877F458-9FA6-4E6C-BA65-AB8E980D5F7E}"
EndProject
Project("{2150E333-8FDC-42A3-9474-1A3956D46DE8}") = "1-Application", "1-Application", "{965B4A1F-F38E-438D-94FE-E4467279509A}"
EndProject
Project("{2150E333-8FDC-42A3-9474-1A3956D46DE8}") = "2-Domain", "2-Domain", "{3B92CBE7-8832-495B-984B-19398C04EF88}"
EndProject
Project("{2150E333-8FDC-42A3-9474-1A3956D46DE8}") = "3-Infra", "3-Infra", "{BC35439E-C689-4457-9D94-C7142069F43A}"
EndProject
Project("{2150E333-8FDC-42A3-9474-1A3956D46DE8}") = "4-Test", "4-Test", "{503E2637-9AFA-43A4-AE6A-D8904627A6B3}"
EndProject
Project("{2150E333-8FDC-42A3-9474-1A3956D46DE8}") = "3.1-CrossCutter", "3.1-CrossCutter", "{009F5F2A-0586-49F1-9B3C-68F3CE0DC9CC}"
EndProject
Project("{2150E333-8FDC-42A3-9474-1A3956D46DE8}") = "3.2-Data", "3.2-Data", "{C5DB0F8A-1FE0-4175-8EEB-79E8A9D0E841}"
EndProject
Project("{FAE04EC0-301F-11D3-BF4B-00C04F79EFBC}") = "Avanade.SubTCSE.Projeto.Application", "Avanade.SubTCSE.Projeto.Application\Avanade.SubTCSE.Projeto.Application.csproj", "{1D75BF14-2922-45BE-A75D-C81BD07C8A0B}"
EndProject
Project("{FAE04EC0-301F-11D3-BF4B-00C04F79EFBC}") = "Avanade.SubTCSE.Projeto.Domain", "Avanade.SubTCSE.Projeto.Domain\Avanade.SubTCSE.Projeto.Domain.csproj", "{00F2E910-B4FC-498D-AB05-F0871CA56172}"
EndProject
Project("{FAE04EC0-301F-11D3-BF4B-00C04F79EFBC}") = "Avanade.SubTCSE.Projeto.CrossCutting", "Avanade.SubTCSE.Projeto.CrossCutting\Avanade.SubTCSE.Projeto.CrossCutting.csproj", "{2F05E508-3E9E-41A9-B6E2-A8EF9A593EFA}"
EndProject
Project("{FAE04EC0-301F-11D3-BF4B-00C04F79EFBC}") = "Avanade.SubTCSE.Projeto.Data", "Avanade.SubTCSE.Projeto.Data\Avanade.SubTCSE.Projeto.Data.csproj", "{DCC51EB4-4EDA-4637-ACD8-F5091CC22E19}"
EndProject
Global
	GlobalSection(SolutionConfigurationPlatforms) = preSolution
		Debug|Any CPU = Debug|Any CPU
		Release|Any CPU = Release|Any CPU
	EndGlobalSection
	GlobalSection(ProjectConfigurationPlatforms) = postSolution
		{C8E89FBD-A357-4A40-8DC5-9EDCF9447027}.Debug|Any CPU.ActiveCfg = Debug|Any CPU
		{C8E89FBD-A357-4A40-8DC5-9EDCF9447027}.Debug|Any CPU.Build.0 = Debug|Any CPU
		{C8E89FBD-A357-4A40-8DC5-9EDCF9447027}.Release|Any CPU.ActiveCfg = Release|Any CPU
		{C8E89FBD-A357-4A40-8DC5-9EDCF9447027}.Release|Any CPU.Build.0 = Release|Any CPU
		{1D75BF14-2922-45BE-A75D-C81BD07C8A0B}.Debug|Any CPU.ActiveCfg = Debug|Any CPU
		{1D75BF14-2922-45BE-A75D-C81BD07C8A0B}.Debug|Any CPU.Build.0 = Debug|Any CPU
		{1D75BF14-2922-45BE-A75D-C81BD07C8A0B}.Release|Any CPU.ActiveCfg = Release|Any CPU
		{1D75BF14-2922-45BE-A75D-C81BD07C8A0B}.Release|Any CPU.Build.0 = Release|Any CPU
		{00F2E910-B4FC-498D-AB05-F0871CA56172}.Debug|Any CPU.ActiveCfg = Debug|Any CPU
		{00F2E910-B4FC-498D-AB05-F0871CA56172}.Debug|Any CPU.Build.0 = Debug|Any CPU
		{00F2E910-B4FC-498D-AB05-F0871CA56172}.Release|Any CPU.ActiveCfg = Release|Any CPU
		{00F2E910-B4FC-498D-AB05-F0871CA56172}.Release|Any CPU.Build.0 = Release|Any CPU
		{2F05E508-3E9E-41A9-B6E2-A8EF9A593EFA}.Debug|Any CPU.ActiveCfg = Debug|Any CPU
		{2F05E508-3E9E-41A9-B6E2-A8EF9A593EFA}.Debug|Any CPU.Build.0 = Debug|Any CPU
		{2F05E508-3E9E-41A9-B6E2-A8EF9A593EFA}.Release|Any CPU.ActiveCfg = Release|Any CPU
		{2F05E508-3E9E-41A9-B6E2-A8EF9A593EFA}.Release|Any CPU.Build.0 = Release|Any CPU
		{DCC51EB4-4EDA-4637-ACD8-F5091CC22E19}.Debug|Any CPU.ActiveCfg = Debug|Any CPU
		{DCC51EB4-4EDA-4637-ACD8-F5091CC22E19}.Debug|Any CPU.Build.0 = Debug|Any CPU
		{DCC51EB4-4EDA-4637-ACD8-F5091CC22E19}.Release|Any CPU.ActiveCfg = Release|Any CPU
		{DCC51EB4-4EDA-4637-ACD8-F5091CC22E19}.Release|Any CPU.Build.0 = Release|Any CPU
	EndGlobalSection
	GlobalSection(SolutionProperties) = preSolution
		HideSolutionNode = FALSE
	EndGlobalSection
	GlobalSection(NestedProjects) = preSolution
		{C8E89FBD-A357-4A40-8DC5-9EDCF9447027} = {5877F458-9FA6-4E6C-BA65-AB8E980D5F7E}
		{009F5F2A-0586-49F1-9B3C-68F3CE0DC9CC} = {BC35439E-C689-4457-9D94-C7142069F43A}
		{C5DB0F8A-1FE0-4175-8EEB-79E8A9D0E841} = {BC35439E-C689-4457-9D94-C7142069F43A}
		{1D75BF14-2922-45BE-A75D-C81BD07C8A0B} = {965B4A1F-F38E-438D-94FE-E4467279509A}
		{00F2E910-B4FC-498D-AB05-F0871CA56172} = {3B92CBE7-8832-495B-984B-19398C04EF88}
		{2F05E508-3E9E-41A9-B6E2-A8EF9A593EFA} = {009F5F2A-0586-49F1-9B3C-68F3CE0DC9CC}
		{DCC51EB4-4EDA-4637-ACD8-F5091CC22E19} = {C5DB0F8A-1FE0-4175-8EEB-79E8A9D0E841}
	EndGlobalSection
	GlobalSection(ExtensibilityGlobals) = postSolution
		SolutionGuid = {71F5D3A7-5226-4EAB-9BAA-F81B58F2EE34}
	EndGlobalSection
EndGlobal
