
Microsoft Visual Studio Solution File, Format Version 12.00
# Visual Studio Version 16
VisualStudioVersion = 16.0.31402.337
MinimumVisualStudioVersion = 10.0.40219.1
Project("{FAE04EC0-301F-11D3-BF4B-00C04F79EFBC}") = "Avanade.SubTCSE.Projeto.API", "Avanade.SubTCSE.Projeto.API\Avanade.SubTCSE.Projeto.API.csproj", "{C8E89FBD-A357-4A40-8DC5-9EDCF9447027}"
EndProject
Global
	GlobalSection(SolutionConfigurationPlatforms) = preSolution
		Debug|Any CPU = Debug|Any CPU
		Release|Any CPU = Release|Any CPU
	EndGlobalSection
	GlobalSection(ProjectConfigurationPlatforms) = postSolution
		{C8E89FBD-A357-4A40-8DC5-9EDCF9447027}.Debug|Any CPU.ActiveCfg = Debug|Any CPU
		{C8E89FBD-A357-4A40-8DC5-9EDCF9447027}.Debug|Any CPU.Build.0 = Debug|Any CPU
		{C8E89FBD-A357-4A40-8DC5-9EDCF9447027}.Release|Any CPU.ActiveCfg = Release|Any CPU
		{C8E89FBD-A357-4A40-8DC5-9EDCF9447027}.Release|Any CPU.Build.0 = Release|Any CPU
	EndGlobalSection
	GlobalSection(SolutionProperties) = preSolution
		HideSolutionNode = FALSE
	EndGlobalSection
	GlobalSection(ExtensibilityGlobals) = postSolution
		SolutionGuid = {71F5D3A7-5226-4EAB-9BAA-F81B58F2EE34}
	EndGlobalSection
EndGlobal
